
Microsoft Visual Studio Solution File, Format Version 12.00
# Visual Studio 15
VisualStudioVersion = 15.0.28010.2003
MinimumVisualStudioVersion = 10.0.40219.1
Project("{FAE04EC0-301F-11D3-BF4B-00C04F79EFBC}") = "DependencyGraph", "DependencyGraph\DependencyGraph.csproj", "{03C8FA23-B366-4EDA-9CB1-2B04C6498B4C}"
EndProject
Project("{FAE04EC0-301F-11D3-BF4B-00C04F79EFBC}") = "DevelopmentTests", "DevelopmentTests\DevelopmentTests.csproj", "{EA679A9B-70DD-47CD-BECE-6C8FE2F71657}"
EndProject
Global
	GlobalSection(SolutionConfigurationPlatforms) = preSolution
		Debug|Any CPU = Debug|Any CPU
		Release|Any CPU = Release|Any CPU
	EndGlobalSection
	GlobalSection(ProjectConfigurationPlatforms) = postSolution
		{03C8FA23-B366-4EDA-9CB1-2B04C6498B4C}.Debug|Any CPU.ActiveCfg = Debug|Any CPU
		{03C8FA23-B366-4EDA-9CB1-2B04C6498B4C}.Debug|Any CPU.Build.0 = Debug|Any CPU
		{03C8FA23-B366-4EDA-9CB1-2B04C6498B4C}.Release|Any CPU.ActiveCfg = Release|Any CPU
		{03C8FA23-B366-4EDA-9CB1-2B04C6498B4C}.Release|Any CPU.Build.0 = Release|Any CPU
		{EA679A9B-70DD-47CD-BECE-6C8FE2F71657}.Debug|Any CPU.ActiveCfg = Debug|Any CPU
		{EA679A9B-70DD-47CD-BECE-6C8FE2F71657}.Debug|Any CPU.Build.0 = Debug|Any CPU
		{EA679A9B-70DD-47CD-BECE-6C8FE2F71657}.Release|Any CPU.ActiveCfg = Release|Any CPU
		{EA679A9B-70DD-47CD-BECE-6C8FE2F71657}.Release|Any CPU.Build.0 = Release|Any CPU
	EndGlobalSection
	GlobalSection(SolutionProperties) = preSolution
		HideSolutionNode = FALSE
	EndGlobalSection
	GlobalSection(ExtensibilityGlobals) = postSolution
		SolutionGuid = {8E70FE83-9ACE-48F4-8477-AE7C2044856D}
	EndGlobalSection
EndGlobal
